
Microsoft Visual Studio Solution File, Format Version 12.00
# Visual Studio Version 16
VisualStudioVersion = 16.0.29215.179
MinimumVisualStudioVersion = 10.0.40219.1
Project("{FAE04EC0-301F-11D3-BF4B-00C04F79EFBC}") = "EMVN.AlbumManager", "EMVN.AlbumManager\EMVN.AlbumManager.csproj", "{F8035014-D2B3-45F8-BF0E-99EB28041A78}"
EndProject
Project("{FAE04EC0-301F-11D3-BF4B-00C04F79EFBC}") = "EMVN.Common", "EMVN.Common\EMVN.Common.csproj", "{8206C296-E266-4DE3-946C-9512343DBA6B}"
EndProject
Project("{FAE04EC0-301F-11D3-BF4B-00C04F79EFBC}") = "EMVN.Model", "EMVN.Model\EMVN.Model.csproj", "{13186216-2D86-4E42-9F69-6E28B12A8BDA}"
EndProject
Global
	GlobalSection(SolutionConfigurationPlatforms) = preSolution
		Debug|Any CPU = Debug|Any CPU
		Release|Any CPU = Release|Any CPU
	EndGlobalSection
	GlobalSection(ProjectConfigurationPlatforms) = postSolution
		{F8035014-D2B3-45F8-BF0E-99EB28041A78}.Debug|Any CPU.ActiveCfg = Debug|Any CPU
		{F8035014-D2B3-45F8-BF0E-99EB28041A78}.Debug|Any CPU.Build.0 = Debug|Any CPU
		{F8035014-D2B3-45F8-BF0E-99EB28041A78}.Release|Any CPU.ActiveCfg = Release|Any CPU
		{F8035014-D2B3-45F8-BF0E-99EB28041A78}.Release|Any CPU.Build.0 = Release|Any CPU
		{8206C296-E266-4DE3-946C-9512343DBA6B}.Debug|Any CPU.ActiveCfg = Debug|Any CPU
		{8206C296-E266-4DE3-946C-9512343DBA6B}.Debug|Any CPU.Build.0 = Debug|Any CPU
		{8206C296-E266-4DE3-946C-9512343DBA6B}.Release|Any CPU.ActiveCfg = Release|Any CPU
		{8206C296-E266-4DE3-946C-9512343DBA6B}.Release|Any CPU.Build.0 = Release|Any CPU
		{13186216-2D86-4E42-9F69-6E28B12A8BDA}.Debug|Any CPU.ActiveCfg = Debug|Any CPU
		{13186216-2D86-4E42-9F69-6E28B12A8BDA}.Debug|Any CPU.Build.0 = Debug|Any CPU
		{13186216-2D86-4E42-9F69-6E28B12A8BDA}.Release|Any CPU.ActiveCfg = Release|Any CPU
		{13186216-2D86-4E42-9F69-6E28B12A8BDA}.Release|Any CPU.Build.0 = Release|Any CPU
	EndGlobalSection
	GlobalSection(SolutionProperties) = preSolution
		HideSolutionNode = FALSE
	EndGlobalSection
	GlobalSection(ExtensibilityGlobals) = postSolution
		SolutionGuid = {343FF8E4-FD61-4F4D-8ABF-A53467B97610}
	EndGlobalSection
EndGlobal
